
Microsoft Visual Studio Solution File, Format Version 12.00
# Visual Studio Version 17
VisualStudioVersion = 17.3.32922.545
MinimumVisualStudioVersion = 10.0.40219.1
Project("{FAE04EC0-301F-11D3-BF4B-00C04F79EFBC}") = "Cycles-DevEducation", "Cycles-DevEducation.csproj", "{C17D2740-8797-498C-B3B7-D49B27BF3200}"
EndProject
Global
	GlobalSection(SolutionConfigurationPlatforms) = preSolution
		Debug|Any CPU = Debug|Any CPU
		Release|Any CPU = Release|Any CPU
	EndGlobalSection
	GlobalSection(ProjectConfigurationPlatforms) = postSolution
		{C17D2740-8797-498C-B3B7-D49B27BF3200}.Debug|Any CPU.ActiveCfg = Debug|Any CPU
		{C17D2740-8797-498C-B3B7-D49B27BF3200}.Debug|Any CPU.Build.0 = Debug|Any CPU
		{C17D2740-8797-498C-B3B7-D49B27BF3200}.Release|Any CPU.ActiveCfg = Release|Any CPU
		{C17D2740-8797-498C-B3B7-D49B27BF3200}.Release|Any CPU.Build.0 = Release|Any CPU
	EndGlobalSection
	GlobalSection(SolutionProperties) = preSolution
		HideSolutionNode = FALSE
	EndGlobalSection
	GlobalSection(ExtensibilityGlobals) = postSolution
		SolutionGuid = {2B339A1A-FE4B-4793-92C0-E18E4E8DF149}
	EndGlobalSection
EndGlobal
