
Microsoft Visual Studio Solution File, Format Version 12.00
# Visual Studio Version 17
VisualStudioVersion = 17.3.32922.545
MinimumVisualStudioVersion = 10.0.40219.1
Project("{FAE04EC0-301F-11D3-BF4B-00C04F79EFBC}") = "Conditions-DevEducation", "Conditions-DevEducation.csproj", "{37074440-6A91-42E6-BEE7-8D9A588FE2EE}"
EndProject
Global
	GlobalSection(SolutionConfigurationPlatforms) = preSolution
		Debug|Any CPU = Debug|Any CPU
		Release|Any CPU = Release|Any CPU
	EndGlobalSection
	GlobalSection(ProjectConfigurationPlatforms) = postSolution
		{37074440-6A91-42E6-BEE7-8D9A588FE2EE}.Debug|Any CPU.ActiveCfg = Debug|Any CPU
		{37074440-6A91-42E6-BEE7-8D9A588FE2EE}.Debug|Any CPU.Build.0 = Debug|Any CPU
		{37074440-6A91-42E6-BEE7-8D9A588FE2EE}.Release|Any CPU.ActiveCfg = Release|Any CPU
		{37074440-6A91-42E6-BEE7-8D9A588FE2EE}.Release|Any CPU.Build.0 = Release|Any CPU
	EndGlobalSection
	GlobalSection(SolutionProperties) = preSolution
		HideSolutionNode = FALSE
	EndGlobalSection
	GlobalSection(ExtensibilityGlobals) = postSolution
		SolutionGuid = {384BE943-4BA1-4205-B460-F21D0D30A436}
	EndGlobalSection
EndGlobal
